
Microsoft Visual Studio Solution File, Format Version 12.00
# Visual Studio 15
VisualStudioVersion = 15.0.28307.106
MinimumVisualStudioVersion = 10.0.40219.1
Project("{FAE04EC0-301F-11D3-BF4B-00C04F79EFBC}") = "TechTestToDoList", "TechTestToDoList\TechTestToDoList.csproj", "{D1429A46-3FB1-43D5-9572-34F7F7B49C99}"
EndProject
Project("{FAE04EC0-301F-11D3-BF4B-00C04F79EFBC}") = "TechTestToDoList.Tests", "TechTestToDoList.Tests\TechTestToDoList.Tests.csproj", "{470E1CC8-8D63-4086-8FA5-C7326A3C4FE0}"
EndProject
Project("{FAE04EC0-301F-11D3-BF4B-00C04F79EFBC}") = "TechTestToDoList.Dal", "TechTestToDoList.Dal\TechTestToDoList.Dal.csproj", "{B912F4D5-3E1A-4920-BC6A-FF218678ACF1}"
EndProject
Project("{FAE04EC0-301F-11D3-BF4B-00C04F79EFBC}") = "TechTestToDoList.Service", "TechTestToDoList.Service\TechTestToDoList.Service.csproj", "{874C23C5-8956-4D44-A64D-EBD51BCF76B7}"
EndProject
Global
	GlobalSection(SolutionConfigurationPlatforms) = preSolution
		Debug|Any CPU = Debug|Any CPU
		Release|Any CPU = Release|Any CPU
	EndGlobalSection
	GlobalSection(ProjectConfigurationPlatforms) = postSolution
		{D1429A46-3FB1-43D5-9572-34F7F7B49C99}.Debug|Any CPU.ActiveCfg = Debug|Any CPU
		{D1429A46-3FB1-43D5-9572-34F7F7B49C99}.Debug|Any CPU.Build.0 = Debug|Any CPU
		{D1429A46-3FB1-43D5-9572-34F7F7B49C99}.Release|Any CPU.ActiveCfg = Release|Any CPU
		{D1429A46-3FB1-43D5-9572-34F7F7B49C99}.Release|Any CPU.Build.0 = Release|Any CPU
		{470E1CC8-8D63-4086-8FA5-C7326A3C4FE0}.Debug|Any CPU.ActiveCfg = Debug|Any CPU
		{470E1CC8-8D63-4086-8FA5-C7326A3C4FE0}.Debug|Any CPU.Build.0 = Debug|Any CPU
		{470E1CC8-8D63-4086-8FA5-C7326A3C4FE0}.Release|Any CPU.ActiveCfg = Release|Any CPU
		{470E1CC8-8D63-4086-8FA5-C7326A3C4FE0}.Release|Any CPU.Build.0 = Release|Any CPU
		{B912F4D5-3E1A-4920-BC6A-FF218678ACF1}.Debug|Any CPU.ActiveCfg = Debug|Any CPU
		{B912F4D5-3E1A-4920-BC6A-FF218678ACF1}.Debug|Any CPU.Build.0 = Debug|Any CPU
		{B912F4D5-3E1A-4920-BC6A-FF218678ACF1}.Release|Any CPU.ActiveCfg = Release|Any CPU
		{B912F4D5-3E1A-4920-BC6A-FF218678ACF1}.Release|Any CPU.Build.0 = Release|Any CPU
		{874C23C5-8956-4D44-A64D-EBD51BCF76B7}.Debug|Any CPU.ActiveCfg = Debug|Any CPU
		{874C23C5-8956-4D44-A64D-EBD51BCF76B7}.Debug|Any CPU.Build.0 = Debug|Any CPU
		{874C23C5-8956-4D44-A64D-EBD51BCF76B7}.Release|Any CPU.ActiveCfg = Release|Any CPU
		{874C23C5-8956-4D44-A64D-EBD51BCF76B7}.Release|Any CPU.Build.0 = Release|Any CPU
	EndGlobalSection
	GlobalSection(SolutionProperties) = preSolution
		HideSolutionNode = FALSE
	EndGlobalSection
	GlobalSection(ExtensibilityGlobals) = postSolution
		SolutionGuid = {4A63E73F-8785-4C96-80A0-4E6E81D6DFEC}
	EndGlobalSection
EndGlobal
